github.com/cca2878/gtrv-go v0.0.0-20260708024213-fad418739791 h1:VbcfMkOrnqB18T03gapbA7CXKUC7+f9rUPFDDbTnLSA=
github.com/cca2878/gtrv-go v0.0.0-20260708024213-fad418739791/go.mod h1:UTjTXvMAh15KFLfES7VAx/l+np5hTsxss3PAy1eHOoQ=
github.com/go-playground/assert/v2 v2.2.0 h1:JvknZsQTYeFEAhQwI4qEt9cyV5ONwRHC+lYKSsYSR8s=
github.com/go-playground/assert/v2 v2.2.0/go.mod h1:VDjEfimB/XKnb+ZQfWdccd7VUvScMdVu0Titje2rxJ4=
github.com/go-playground/form/v4 v4.3.0 h1:OVttojbQv2WNCs4P+VnjPtrt/+30Ipw4890W3OaFlvk=
github.com/go-playground/form/v4 v4.3.0/go.mod h1:Cpe1iYJKoXb1vILRXEwxpWMGWyQuqplQ/4cvPecy+Jo=
